
Microsoft Visual Studio Solution File, Format Version 12.00
# Visual Studio 15
VisualStudioVersion = 15.0.27130.2027
MinimumVisualStudioVersion = 10.0.40219.1
Project("{FAE04EC0-301F-11D3-BF4B-00C04F79EFBC}") = "InstaSqlite", "InstaSqlite\InstaSqlite.csproj", "{84D3C9CD-57A5-4F1A-9ED6-53E9B02D294F}"
EndProject
Project("{FAE04EC0-301F-11D3-BF4B-00C04F79EFBC}") = "InstaSqlite.Tests", "InstaSqlite.Tests\InstaSqlite.Tests.csproj", "{C4E55366-A4D6-4EF4-B3A9-3F8488C3C6BE}"
EndProject
Project("{FAE04EC0-301F-11D3-BF4B-00C04F79EFBC}") = "InstaSqlite.ScannedAssembly", "InstaSqlite.ScannedAssembly\InstaSqlite.ScannedAssembly.csproj", "{E3A7B256-6181-4343-82A2-1B1FCDF08E91}"
EndProject
Project("{9A19103F-16F7-4668-BE54-9A1E7A4F7556}") = "InstaSqlite", "InstaSqlite.Portable\InstaSqlite.csproj", "{E4237F04-A295-46EC-83D9-543740AA22BD}"
EndProject
Project("{2150E333-8FDC-42A3-9474-1A3956D46DE8}") = "Portable", "Portable", "{F3D8F3E3-78D7-4877-9D7D-7ADDE452EA42}"
EndProject
Project("{9A19103F-16F7-4668-BE54-9A1E7A4F7556}") = "InstaSqlite.ScannedAssembly", "InstaSqlite.ScannedAssembly.Portable\InstaSqlite.ScannedAssembly.csproj", "{1ACFB6F2-3AE5-45C3-A6E6-D7699682059A}"
EndProject
Project("{FAE04EC0-301F-11D3-BF4B-00C04F79EFBC}") = "InstaSqlite.Tests.Portable", "InstaSqlite.Tests.Portable\InstaSqlite.Tests.Portable.csproj", "{A8C97E58-8E62-4719-BCFB-8AC30BEDA938}"
EndProject
Global
	GlobalSection(SolutionConfigurationPlatforms) = preSolution
		Debug|Any CPU = Debug|Any CPU
		Release|Any CPU = Release|Any CPU
	EndGlobalSection
	GlobalSection(ProjectConfigurationPlatforms) = postSolution
		{84D3C9CD-57A5-4F1A-9ED6-53E9B02D294F}.Debug|Any CPU.ActiveCfg = Debug|Any CPU
		{84D3C9CD-57A5-4F1A-9ED6-53E9B02D294F}.Debug|Any CPU.Build.0 = Debug|Any CPU
		{84D3C9CD-57A5-4F1A-9ED6-53E9B02D294F}.Release|Any CPU.ActiveCfg = Release|Any CPU
		{84D3C9CD-57A5-4F1A-9ED6-53E9B02D294F}.Release|Any CPU.Build.0 = Release|Any CPU
		{C4E55366-A4D6-4EF4-B3A9-3F8488C3C6BE}.Debug|Any CPU.ActiveCfg = Debug|Any CPU
		{C4E55366-A4D6-4EF4-B3A9-3F8488C3C6BE}.Debug|Any CPU.Build.0 = Debug|Any CPU
		{C4E55366-A4D6-4EF4-B3A9-3F8488C3C6BE}.Release|Any CPU.ActiveCfg = Release|Any CPU
		{C4E55366-A4D6-4EF4-B3A9-3F8488C3C6BE}.Release|Any CPU.Build.0 = Release|Any CPU
		{E3A7B256-6181-4343-82A2-1B1FCDF08E91}.Debug|Any CPU.ActiveCfg = Debug|Any CPU
		{E3A7B256-6181-4343-82A2-1B1FCDF08E91}.Debug|Any CPU.Build.0 = Debug|Any CPU
		{E3A7B256-6181-4343-82A2-1B1FCDF08E91}.Release|Any CPU.ActiveCfg = Release|Any CPU
		{E3A7B256-6181-4343-82A2-1B1FCDF08E91}.Release|Any CPU.Build.0 = Release|Any CPU
		{E4237F04-A295-46EC-83D9-543740AA22BD}.Debug|Any CPU.ActiveCfg = Debug|Any CPU
		{E4237F04-A295-46EC-83D9-543740AA22BD}.Debug|Any CPU.Build.0 = Debug|Any CPU
		{E4237F04-A295-46EC-83D9-543740AA22BD}.Release|Any CPU.ActiveCfg = Release|Any CPU
		{E4237F04-A295-46EC-83D9-543740AA22BD}.Release|Any CPU.Build.0 = Release|Any CPU
		{1ACFB6F2-3AE5-45C3-A6E6-D7699682059A}.Debug|Any CPU.ActiveCfg = Debug|Any CPU
		{1ACFB6F2-3AE5-45C3-A6E6-D7699682059A}.Debug|Any CPU.Build.0 = Debug|Any CPU
		{1ACFB6F2-3AE5-45C3-A6E6-D7699682059A}.Release|Any CPU.ActiveCfg = Release|Any CPU
		{1ACFB6F2-3AE5-45C3-A6E6-D7699682059A}.Release|Any CPU.Build.0 = Release|Any CPU
		{A8C97E58-8E62-4719-BCFB-8AC30BEDA938}.Debug|Any CPU.ActiveCfg = Debug|Any CPU
		{A8C97E58-8E62-4719-BCFB-8AC30BEDA938}.Debug|Any CPU.Build.0 = Debug|Any CPU
		{A8C97E58-8E62-4719-BCFB-8AC30BEDA938}.Release|Any CPU.ActiveCfg = Release|Any CPU
		{A8C97E58-8E62-4719-BCFB-8AC30BEDA938}.Release|Any CPU.Build.0 = Release|Any CPU
	EndGlobalSection
	GlobalSection(SolutionProperties) = preSolution
		HideSolutionNode = FALSE
	EndGlobalSection
	GlobalSection(NestedProjects) = preSolution
		{E4237F04-A295-46EC-83D9-543740AA22BD} = {F3D8F3E3-78D7-4877-9D7D-7ADDE452EA42}
		{1ACFB6F2-3AE5-45C3-A6E6-D7699682059A} = {F3D8F3E3-78D7-4877-9D7D-7ADDE452EA42}
		{A8C97E58-8E62-4719-BCFB-8AC30BEDA938} = {F3D8F3E3-78D7-4877-9D7D-7ADDE452EA42}
	EndGlobalSection
	GlobalSection(ExtensibilityGlobals) = postSolution
		SolutionGuid = {0DC1455E-4682-4AD2-937D-743B32820B30}
	EndGlobalSection
EndGlobal
